// !$*UTF8*$!
{
	archiveVersion = 1;
	classes = {
	};
	objectVersion = 50;
	objects = {

/* Begin PBXBuildFile section */
		0A89F2C22595E6DC0058D26E /* UIKitExtensions.swift in Sources */ = {isa = PBXBuildFile; fileRef = 0A89F2AC2595E6DC0058D26E /* UIKitExtensions.swift */; };
		0A89F2C32595E6DC0058D26E /* ViewController.swift in Sources */ = {isa = PBXBuildFile; fileRef = 0A89F2AF2595E6DC0058D26E /* ViewController.swift */; };
		0A89F2C42595E6DC0058D26E /* ViewController+ListDataSource.swift in Sources */ = {isa = PBXBuildFile; fileRef = 0A89F2B02595E6DC0058D26E /* ViewController+ListDataSource.swift */; };
		0A89F2C52595E6DC0058D26E /* Cell.swift in Sources */ = {isa = PBXBuildFile; fileRef = 0A89F2B12595E6DC0058D26E /* Cell.swift */; };
		0A89F2C62595E6DC0058D26E /* ViewController+ViewModel.swift in Sources */ = {isa = PBXBuildFile; fileRef = 0A89F2B22595E6DC0058D26E /* ViewController+ViewModel.swift */; };
		0A89F2C72595E6DC0058D26E /* ViewController+ViewModel+Options.swift in Sources */ = {isa = PBXBuildFile; fileRef = 0A89F2B32595E6DC0058D26E /* ViewController+ViewModel+Options.swift */; };
		0A89F2C82595E6DC0058D26E /* Cell+ViewModel.swift in Sources */ = {isa = PBXBuildFile; fileRef = 0A89F2B42595E6DC0058D26E /* Cell+ViewModel.swift */; };
		0A89F2C92595E6DC0058D26E /* Cell+ContentConfiguration.swift in Sources */ = {isa = PBXBuildFile; fileRef = 0A89F2B52595E6DC0058D26E /* Cell+ContentConfiguration.swift */; };
		0A89F2CA2595E6DC0058D26E /* RootViewController.swift in Sources */ = {isa = PBXBuildFile; fileRef = 0A89F2B72595E6DC0058D26E /* RootViewController.swift */; };
		0A89F2CB2595E6DC0058D26E /* RootViewController+ViewModel.swift in Sources */ = {isa = PBXBuildFile; fileRef = 0A89F2B82595E6DC0058D26E /* RootViewController+ViewModel.swift */; };
		0A89F2CD2595E6DC0058D26E /* Model.swift in Sources */ = {isa = PBXBuildFile; fileRef = 0A89F2BC2595E6DC0058D26E /* Model.swift */; };
		0A89F2CE2595E6DC0058D26E /* AppDelegate.swift in Sources */ = {isa = PBXBuildFile; fileRef = 0A89F2BE2595E6DC0058D26E /* AppDelegate.swift */; };
		0A89F2CF2595E6DC0058D26E /* SceneDelegate.swift in Sources */ = {isa = PBXBuildFile; fileRef = 0A89F2BF2595E6DC0058D26E /* SceneDelegate.swift */; };
		0A89F2D92595E74B0058D26E /* Assets.xcassets in Resources */ = {isa = PBXBuildFile; fileRef = 0A89F2D42595E74B0058D26E /* Assets.xcassets */; };
		0A89F2DA2595E74B0058D26E /* LaunchScreen.storyboard in Resources */ = {isa = PBXBuildFile; fileRef = 0A89F2D52595E74B0058D26E /* LaunchScreen.storyboard */; };
/* End PBXBuildFile section */

/* Begin PBXFileReference section */
		0A5BF6492577F87100B98F4F /* TextViewsInsideListViews.app */ = {isa = PBXFileReference; explicitFileType = wrapper.application; includeInIndex = 0; path = TextViewsInsideListViews.app; sourceTree = BUILT_PRODUCTS_DIR; };
		0A89F2AC2595E6DC0058D26E /* UIKitExtensions.swift */ = {isa = PBXFileReference; fileEncoding = 4; lastKnownFileType = sourcecode.swift; path = UIKitExtensions.swift; sourceTree = "<group>"; };
		0A89F2AF2595E6DC0058D26E /* ViewController.swift */ = {isa = PBXFileReference; fileEncoding = 4; lastKnownFileType = sourcecode.swift; path = ViewController.swift; sourceTree = "<group>"; };
		0A89F2B02595E6DC0058D26E /* ViewController+ListDataSource.swift */ = {isa = PBXFileReference; fileEncoding = 4; lastKnownFileType = sourcecode.swift; path = "ViewController+ListDataSource.swift"; sourceTree = "<group>"; };
		0A89F2B12595E6DC0058D26E /* Cell.swift */ = {isa = PBXFileReference; fileEncoding = 4; lastKnownFileType = sourcecode.swift; path = Cell.swift; sourceTree = "<group>"; };
		0A89F2B22595E6DC0058D26E /* ViewController+ViewModel.swift */ = {isa = PBXFileReference; fileEncoding = 4; lastKnownFileType = sourcecode.swift; path = "ViewController+ViewModel.swift"; sourceTree = "<group>"; };
		0A89F2B32595E6DC0058D26E /* ViewController+ViewModel+Options.swift */ = {isa = PBXFileReference; fileEncoding = 4; lastKnownFileType = sourcecode.swift; path = "ViewController+ViewModel+Options.swift"; sourceTree = "<group>"; };
		0A89F2B42595E6DC0058D26E /* Cell+ViewModel.swift */ = {isa = PBXFileReference; fileEncoding = 4; lastKnownFileType = sourcecode.swift; path = "Cell+ViewModel.swift"; sourceTree = "<group>"; };
		0A89F2B52595E6DC0058D26E /* Cell+ContentConfiguration.swift */ = {isa = PBXFileReference; fileEncoding = 4; lastKnownFileType = sourcecode.swift; path = "Cell+ContentConfiguration.swift"; sourceTree = "<group>"; };
		0A89F2B72595E6DC0058D26E /* RootViewController.swift */ = {isa = PBXFileReference; fileEncoding = 4; lastKnownFileType = sourcecode.swift; path = RootViewController.swift; sourceTree = "<group>"; };
		0A89F2B82595E6DC0058D26E /* RootViewController+ViewModel.swift */ = {isa = PBXFileReference; fileEncoding = 4; lastKnownFileType = sourcecode.swift; path = "RootViewController+ViewModel.swift"; sourceTree = "<group>"; };
		0A89F2BC2595E6DC0058D26E /* Model.swift */ = {isa = PBXFileReference; fileEncoding = 4; lastKnownFileType = sourcecode.swift; path = Model.swift; sourceTree = "<group>"; };
		0A89F2BE2595E6DC0058D26E /* AppDelegate.swift */ = {isa = PBXFileReference; fileEncoding = 4; lastKnownFileType = sourcecode.swift; path = AppDelegate.swift; sourceTree = "<group>"; };
		0A89F2BF2595E6DC0058D26E /* SceneDelegate.swift */ = {isa = PBXFileReference; fileEncoding = 4; lastKnownFileType = sourcecode.swift; path = SceneDelegate.swift; sourceTree = "<group>"; };
		0A89F2D42595E74B0058D26E /* Assets.xcassets */ = {isa = PBXFileReference; lastKnownFileType = folder.assetcatalog; path = Assets.xcassets; sourceTree = "<group>"; };
		0A89F2D62595E74B0058D26E /* Base */ = {isa = PBXFileReference; lastKnownFileType = file.storyboard; name = Base; path = Base.lproj/LaunchScreen.storyboard; sourceTree = "<group>"; };
		0A89F2D82595E74B0058D26E /* Info.plist */ = {isa = PBXFileReference; fileEncoding = 4; lastKnownFileType = text.plist.xml; path = Info.plist; sourceTree = "<group>"; };
/* End PBXFileReference section */

/* Begin PBXFrameworksBuildPhase section */
		0A5BF6462577F87100B98F4F /* Frameworks */ = {
			isa = PBXFrameworksBuildPhase;
			buildActionMask = 2147483647;
			files = (
			);
			runOnlyForDeploymentPostprocessing = 0;
		};
/* End PBXFrameworksBuildPhase section */

/* Begin PBXGroup section */
		0A5BF6402577F87100B98F4F = {
			isa = PBXGroup;
			children = (
				0A89F2D22595E74B0058D26E /* TextViewsInsideListViews */,
				0A89F2A62595E6DC0058D26E /* Sources */,
				0A5BF64A2577F87100B98F4F /* Products */,
			);
			sourceTree = "<group>";
		};
		0A5BF64A2577F87100B98F4F /* Products */ = {
			isa = PBXGroup;
			children = (
				0A5BF6492577F87100B98F4F /* TextViewsInsideListViews.app */,
			);
			name = Products;
			sourceTree = "<group>";
		};
		0A89F2A62595E6DC0058D26E /* Sources */ = {
			isa = PBXGroup;
			children = (
				0A89F2BD2595E6DC0058D26E /* Application */,
				0A89F2AB2595E6DC0058D26E /* Extensions */,
				0A89F2BB2595E6DC0058D26E /* Model */,
				0A89F2AD2595E6DC0058D26E /* ViewControllers */,
			);
			path = Sources;
			sourceTree = "<group>";
		};
		0A89F2AB2595E6DC0058D26E /* Extensions */ = {
			isa = PBXGroup;
			children = (
				0A89F2AC2595E6DC0058D26E /* UIKitExtensions.swift */,
			);
			path = Extensions;
			sourceTree = "<group>";
		};
		0A89F2AD2595E6DC0058D26E /* ViewControllers */ = {
			isa = PBXGroup;
			children = (
				0A89F2AE2595E6DC0058D26E /* List */,
				0A89F2B62595E6DC0058D26E /* Root */,
			);
			path = ViewControllers;
			sourceTree = "<group>";
		};
		0A89F2AE2595E6DC0058D26E /* List */ = {
			isa = PBXGroup;
			children = (
				0A89F2B12595E6DC0058D26E /* Cell.swift */,
				0A89F2B52595E6DC0058D26E /* Cell+ContentConfiguration.swift */,
				0A89F2B42595E6DC0058D26E /* Cell+ViewModel.swift */,
				0A89F2AF2595E6DC0058D26E /* ViewController.swift */,
				0A89F2B02595E6DC0058D26E /* ViewController+ListDataSource.swift */,
				0A89F2B22595E6DC0058D26E /* ViewController+ViewModel.swift */,
				0A89F2B32595E6DC0058D26E /* ViewController+ViewModel+Options.swift */,
			);
			path = List;
			sourceTree = "<group>";
		};
		0A89F2B62595E6DC0058D26E /* Root */ = {
			isa = PBXGroup;
			children = (
				0A89F2B72595E6DC0058D26E /* RootViewController.swift */,
				0A89F2B82595E6DC0058D26E /* RootViewController+ViewModel.swift */,
			);
			path = Root;
			sourceTree = "<group>";
		};
		0A89F2BB2595E6DC0058D26E /* Model */ = {
			isa = PBXGroup;
			children = (
				0A89F2BC2595E6DC0058D26E /* Model.swift */,
			);
			path = Model;
			sourceTree = "<group>";
		};
		0A89F2BD2595E6DC0058D26E /* Application */ = {
			isa = PBXGroup;
			children = (
				0A89F2BE2595E6DC0058D26E /* AppDelegate.swift */,
				0A89F2BF2595E6DC0058D26E /* SceneDelegate.swift */,
			);
			path = Application;
			sourceTree = "<group>";
		};
		0A89F2D22595E74B0058D26E /* TextViewsInsideListViews */ = {
			isa = PBXGroup;
			children = (
				0A89F2D32595E74B0058D26E /* Resources */,
				0A89F2D72595E74B0058D26E /* Supporting Files */,
			);
			path = TextViewsInsideListViews;
			sourceTree = "<group>";
		};
		0A89F2D32595E74B0058D26E /* Resources */ = {
			isa = PBXGroup;
			children = (
				0A89F2D42595E74B0058D26E /* Assets.xcassets */,
				0A89F2D52595E74B0058D26E /* LaunchScreen.storyboard */,
			);
			path = Resources;
			sourceTree = "<group>";
		};
		0A89F2D72595E74B0058D26E /* Supporting Files */ = {
			isa = PBXGroup;
			children = (
				0A89F2D82595E74B0058D26E /* Info.plist */,
			);
			path = "Supporting Files";
			sourceTree = "<group>";
		};
/* End PBXGroup section */

/* Begin PBXNativeTarget section */
		0A5BF6482577F87100B98F4F /* TextViewsInsideListViews */ = {
			isa = PBXNativeTarget;
			buildConfigurationList = 0A5BF65D2577F87400B98F4F /* Build configuration list for PBXNativeTarget "TextViewsInsideListViews" */;
			buildPhases = (
				0A5BF6452577F87100B98F4F /* Sources */,
				0A5BF6462577F87100B98F4F /* Frameworks */,
				0A5BF6472577F87100B98F4F /* Resources */,
			);
			buildRules = (
			);
			dependencies = (
			);
			name = TextViewsInsideListViews;
			productName = TextViewsInsideTableView;
			productReference = 0A5BF6492577F87100B98F4F /* TextViewsInsideListViews.app */;
			productType = "com.apple.product-type.application";
		};
/* End PBXNativeTarget section */

/* Begin PBXProject section */
		0A5BF6412577F87100B98F4F /* Project object */ = {
			isa = PBXProject;
			attributes = {
				LastSwiftUpdateCheck = 1220;
				LastUpgradeCheck = 1220;
				TargetAttributes = {
					0A5BF6482577F87100B98F4F = {
						CreatedOnToolsVersion = 12.2;
					};
				};
			};
			buildConfigurationList = 0A5BF6442577F87100B98F4F /* Build configuration list for PBXProject "TextViewsInsideListViews" */;
			compatibilityVersion = "Xcode 9.3";
			developmentRegion = en;
			hasScannedForEncodings = 0;
			knownRegions = (
				en,
				Base,
			);
			mainGroup = 0A5BF6402577F87100B98F4F;
			productRefGroup = 0A5BF64A2577F87100B98F4F /* Products */;
			projectDirPath = "";
			projectRoot = "";
			targets = (
				0A5BF6482577F87100B98F4F /* TextViewsInsideListViews */,
			);
		};
/* End PBXProject section */

/* Begin PBXResourcesBuildPhase section */
		0A5BF6472577F87100B98F4F /* Resources */ = {
			isa = PBXResourcesBuildPhase;
			buildActionMask = 2147483647;
			files = (
				0A89F2D92595E74B0058D26E /* Assets.xcassets in Resources */,
				0A89F2DA2595E74B0058D26E /* LaunchScreen.storyboard in Resources */,
			);
			runOnlyForDeploymentPostprocessing = 0;
		};
/* End PBXResourcesBuildPhase section */

/* Begin PBXSourcesBuildPhase section */
		0A5BF6452577F87100B98F4F /* Sources */ = {
			isa = PBXSourcesBuildPhase;
			buildActionMask = 2147483647;
			files = (
				0A89F2CE2595E6DC0058D26E /* AppDelegate.swift in Sources */,
				0A89F2C92595E6DC0058D26E /* Cell+ContentConfiguration.swift in Sources */,
				0A89F2C62595E6DC0058D26E /* ViewController+ViewModel.swift in Sources */,
				0A89F2CA2595E6DC0058D26E /* RootViewController.swift in Sources */,
				0A89F2C32595E6DC0058D26E /* ViewController.swift in Sources */,
				0A89F2C52595E6DC0058D26E /* Cell.swift in Sources */,
				0A89F2CB2595E6DC0058D26E /* RootViewController+ViewModel.swift in Sources */,
				0A89F2C22595E6DC0058D26E /* UIKitExtensions.swift in Sources */,
				0A89F2CF2595E6DC0058D26E /* SceneDelegate.swift in Sources */,
				0A89F2C72595E6DC0058D26E /* ViewController+ViewModel+Options.swift in Sources */,
				0A89F2CD2595E6DC0058D26E /* Model.swift in Sources */,
				0A89F2C82595E6DC0058D26E /* Cell+ViewModel.swift in Sources */,
				0A89F2C42595E6DC0058D26E /* ViewController+ListDataSource.swift in Sources */,
			);
			runOnlyForDeploymentPostprocessing = 0;
		};
/* End PBXSourcesBuildPhase section */

/* Begin PBXVariantGroup section */
		0A89F2D52595E74B0058D26E /* LaunchScreen.storyboard */ = {
			isa = PBXVariantGroup;
			children = (
				0A89F2D62595E74B0058D26E /* Base */,
			);
			name = LaunchScreen.storyboard;
			sourceTree = "<group>";
		};
/* End PBXVariantGroup section */

/* Begin XCBuildConfiguration section */
		0A5BF65B2577F87400B98F4F /* Debug */ = {
			isa = XCBuildConfiguration;
			buildSettings = {
				ALWAYS_SEARCH_USER_PATHS = NO;
				CLANG_ANALYZER_NONNULL = YES;
				CLANG_ANALYZER_NUMBER_OBJECT_CONVERSION = YES_AGGRESSIVE;
				CLANG_CXX_LANGUAGE_STANDARD = "gnu++14";
				CLANG_CXX_LIBRARY = "libc++";
				CLANG_ENABLE_MODULES = YES;
				CLANG_ENABLE_OBJC_ARC = YES;
				CLANG_ENABLE_OBJC_WEAK = YES;
				CLANG_WARN_BLOCK_CAPTURE_AUTORELEASING = YES;
				CLANG_WARN_BOOL_CONVERSION = YES;
				CLANG_WARN_COMMA = YES;
				CLANG_WARN_CONSTANT_CONVERSION = YES;
				CLANG_WARN_DEPRECATED_OBJC_IMPLEMENTATIONS = YES;
				CLANG_WARN_DIRECT_OBJC_ISA_USAGE = YES_ERROR;
				CLANG_WARN_DOCUMENTATION_COMMENTS = YES;
				CLANG_WARN_EMPTY_BODY = YES;
				CLANG_WARN_ENUM_CONVERSION = YES;
				CLANG_WARN_INFINITE_RECURSION = YES;
				CLANG_WARN_INT_CONVERSION = YES;
				CLANG_WARN_NON_LITERAL_NULL_CONVERSION = YES;
				CLANG_WARN_OBJC_IMPLICIT_RETAIN_SELF = YES;
				CLANG_WARN_OBJC_LITERAL_CONVERSION = YES;
				CLANG_WARN_OBJC_ROOT_CLASS = YES_ERROR;
				CLANG_WARN_QUOTED_INCLUDE_IN_FRAMEWORK_HEADER = YES;
				CLANG_WARN_RANGE_LOOP_ANALYSIS = YES;
				CLANG_WARN_STRICT_PROTOTYPES = YES;
				CLANG_WARN_SUSPICIOUS_MOVE = YES;
				CLANG_WARN_UNGUARDED_AVAILABILITY = YES_AGGRESSIVE;
				CLANG_WARN_UNREACHABLE_CODE = YES;
				CLANG_WARN__DUPLICATE_METHOD_MATCH = YES;
				COPY_PHASE_STRIP = NO;
				DEBUG_INFORMATION_FORMAT = dwarf;
				ENABLE_STRICT_OBJC_MSGSEND = YES;
				ENABLE_TESTABILITY = YES;
				GCC_C_LANGUAGE_STANDARD = gnu11;
				GCC_DYNAMIC_NO_PIC = NO;
				GCC_NO_COMMON_BLOCKS = YES;
				GCC_OPTIMIZATION_LEVEL = 0;
				GCC_PREPROCESSOR_DEFINITIONS = (
					"DEBUG=1",
					"$(inherited)",
				);
				GCC_WARN_64_TO_32_BIT_CONVERSION = YES;
				GCC_WARN_ABOUT_RETURN_TYPE = YES_ERROR;
				GCC_WARN_UNDECLARED_SELECTOR = YES;
				GCC_WARN_UNINITIALIZED_AUTOS = YES_AGGRESSIVE;
				GCC_WARN_UNUSED_FUNCTION = YES;
				GCC_WARN_UNUSED_VARIABLE = YES;
				IPHONEOS_DEPLOYMENT_TARGET = 14.2;
				MTL_ENABLE_DEBUG_INFO = INCLUDE_SOURCE;
				MTL_FAST_MATH = YES;
				ONLY_ACTIVE_ARCH = YES;
				SDKROOT = iphoneos;
				SWIFT_ACTIVE_COMPILATION_CONDITIONS = DEBUG;
				SWIFT_OPTIMIZATION_LEVEL = "-Onone";
			};
			name = Debug;
		};
		0A5BF65C2577F87400B98F4F /* Release */ = {
			isa = XCBuildConfiguration;
			buildSettings = {
				ALWAYS_SEARCH_USER_PATHS = NO;
				CLANG_ANALYZER_NONNULL = YES;
				CLANG_ANALYZER_NUMBER_OBJECT_CONVERSION = YES_AGGRESSIVE;
				CLANG_CXX_LANGUAGE_STANDARD = "gnu++14";
				CLANG_CXX_LIBRARY = "libc++";
				CLANG_ENABLE_MODULES = YES;
				CLANG_ENABLE_OBJC_ARC = YES;
				CLANG_ENABLE_OBJC_WEAK = YES;
				CLANG_WARN_BLOCK_CAPTURE_AUTORELEASING = YES;
				CLANG_WARN_BOOL_CONVERSION = YES;
				CLANG_WARN_COMMA = YES;
				CLANG_WARN_CONSTANT_CONVERSION = YES;
				CLANG_WARN_DEPRECATED_OBJC_IMPLEMENTATIONS = YES;
				CLANG_WARN_DIRECT_OBJC_ISA_USAGE = YES_ERROR;
				CLANG_WARN_DOCUMENTATION_COMMENTS = YES;
				CLANG_WARN_EMPTY_BODY = YES;
				CLANG_WARN_ENUM_CONVERSION = YES;
				CLANG_WARN_INFINITE_RECURSION = YES;
				CLANG_WARN_INT_CONVERSION = YES;
				CLANG_WARN_NON_LITERAL_NULL_CONVERSION = YES;
				CLANG_WARN_OBJC_IMPLICIT_RETAIN_SELF = YES;
				CLANG_WARN_OBJC_LITERAL_CONVERSION = YES;
				CLANG_WARN_OBJC_ROOT_CLASS = YES_ERROR;
				CLANG_WARN_QUOTED_INCLUDE_IN_FRAMEWORK_HEADER = YES;
				CLANG_WARN_RANGE_LOOP_ANALYSIS = YES;
				CLANG_WARN_STRICT_PROTOTYPES = YES;
				CLANG_WARN_SUSPICIOUS_MOVE = YES;
				CLANG_WARN_UNGUARDED_AVAILABILITY = YES_AGGRESSIVE;
				CLANG_WARN_UNREACHABLE_CODE = YES;
				CLANG_WARN__DUPLICATE_METHOD_MATCH = YES;
				COPY_PHASE_STRIP = NO;
				DEBUG_INFORMATION_FORMAT = "dwarf-with-dsym";
				ENABLE_NS_ASSERTIONS = NO;
				ENABLE_STRICT_OBJC_MSGSEND = YES;
				GCC_C_LANGUAGE_STANDARD = gnu11;
				GCC_NO_COMMON_BLOCKS = YES;
				GCC_WARN_64_TO_32_BIT_CONVERSION = YES;
				GCC_WARN_ABOUT_RETURN_TYPE = YES_ERROR;
				GCC_WARN_UNDECLARED_SELECTOR = YES;
				GCC_WARN_UNINITIALIZED_AUTOS = YES_AGGRESSIVE;
				GCC_WARN_UNUSED_FUNCTION = YES;
				GCC_WARN_UNUSED_VARIABLE = YES;
				IPHONEOS_DEPLOYMENT_TARGET = 14.2;
				MTL_ENABLE_DEBUG_INFO = NO;
				MTL_FAST_MATH = YES;
				SDKROOT = iphoneos;
				SWIFT_COMPILATION_MODE = wholemodule;
				SWIFT_OPTIMIZATION_LEVEL = "-O";
				VALIDATE_PRODUCT = YES;
			};
			name = Release;
		};
		0A5BF65E2577F87400B98F4F /* Debug */ = {
			isa = XCBuildConfiguration;
			buildSettings = {
				ASSETCATALOG_COMPILER_APPICON_NAME = AppIcon;
				ASSETCATALOG_COMPILER_GLOBAL_ACCENT_COLOR_NAME = AccentColor;
				CODE_SIGN_STYLE = Automatic;
				DEVELOPMENT_TEAM = 942QBE43P5;
				INFOPLIST_FILE = "TextViewsInsideListViews/Supporting Files/Info.plist";
				LD_RUNPATH_SEARCH_PATHS = (
					"$(inherited)",
					"@executable_path/Frameworks",
				);
				PRODUCT_BUNDLE_IDENTIFIER = org.example.TextViewsInsideListViews;
				PRODUCT_NAME = "$(TARGET_NAME)";
				SWIFT_VERSION = 5.0;
				TARGETED_DEVICE_FAMILY = "1,2";
			};
			name = Debug;
		};
		0A5BF65F2577F87400B98F4F /* Release */ = {
			isa = XCBuildConfiguration;
			buildSettings = {
				ASSETCATALOG_COMPILER_APPICON_NAME = AppIcon;
				ASSETCATALOG_COMPILER_GLOBAL_ACCENT_COLOR_NAME = AccentColor;
				CODE_SIGN_STYLE = Automatic;
				DEVELOPMENT_TEAM = 942QBE43P5;
				INFOPLIST_FILE = "TextViewsInsideListViews/Supporting Files/Info.plist";
				LD_RUNPATH_SEARCH_PATHS = (
					"$(inherited)",
					"@executable_path/Frameworks",
				);
				PRODUCT_BUNDLE_IDENTIFIER = org.example.TextViewsInsideListViews;
				PRODUCT_NAME = "$(TARGET_NAME)";
				SWIFT_VERSION = 5.0;
				TARGETED_DEVICE_FAMILY = "1,2";
			};
			name = Release;
		};
/* End XCBuildConfiguration section */

/* Begin XCConfigurationList section */
		0A5BF6442577F87100B98F4F /* Build configuration list for PBXProject "TextViewsInsideListViews" */ = {
			isa = XCConfigurationList;
			buildConfigurations = (
				0A5BF65B2577F87400B98F4F /* Debug */,
				0A5BF65C2577F87400B98F4F /* Release */,
			);
			defaultConfigurationIsVisible = 0;
			defaultConfigurationName = Release;
		};
		0A5BF65D2577F87400B98F4F /* Build configuration list for PBXNativeTarget "TextViewsInsideListViews" */ = {
			isa = XCConfigurationList;
			buildConfigurations = (
				0A5BF65E2577F87400B98F4F /* Debug */,
				0A5BF65F2577F87400B98F4F /* Release */,
			);
			defaultConfigurationIsVisible = 0;
			defaultConfigurationName = Release;
		};
/* End XCConfigurationList section */
	};
	rootObject = 0A5BF6412577F87100B98F4F /* Project object */;
}
